
Microsoft Visual Studio Solution File, Format Version 12.00
# Visual Studio Version 16
VisualStudioVersion = 16.0.29806.167
MinimumVisualStudioVersion = 10.0.40219.1
Project("{FAE04EC0-301F-11D3-BF4B-00C04F79EFBC}") = "ASP.NET Core Intro", "ASP.NET Core Intro\ASP.NET Core Intro.csproj", "{D377BA04-2E00-4D04-AEB6-49CF6626DADF}"
EndProject
Global
	GlobalSection(SolutionConfigurationPlatforms) = preSolution
		Debug|Any CPU = Debug|Any CPU
		Release|Any CPU = Release|Any CPU
	EndGlobalSection
	GlobalSection(ProjectConfigurationPlatforms) = postSolution
		{D377BA04-2E00-4D04-AEB6-49CF6626DADF}.Debug|Any CPU.ActiveCfg = Debug|Any CPU
		{D377BA04-2E00-4D04-AEB6-49CF6626DADF}.Debug|Any CPU.Build.0 = Debug|Any CPU
		{D377BA04-2E00-4D04-AEB6-49CF6626DADF}.Release|Any CPU.ActiveCfg = Release|Any CPU
		{D377BA04-2E00-4D04-AEB6-49CF6626DADF}.Release|Any CPU.Build.0 = Release|Any CPU
	EndGlobalSection
	GlobalSection(SolutionProperties) = preSolution
		HideSolutionNode = FALSE
	EndGlobalSection
	GlobalSection(ExtensibilityGlobals) = postSolution
		SolutionGuid = {839816C1-F7E7-4FA7-9A19-93EAD8CDF7B4}
	EndGlobalSection
EndGlobal
